
Microsoft Visual Studio Solution File, Format Version 12.00
# Visual Studio Version 17
VisualStudioVersion = 17.4.33205.214
MinimumVisualStudioVersion = 10.0.40219.1
Project("{FAE04EC0-301F-11D3-BF4B-00C04F79EFBC}") = "UserManagement", "UserManagement\UserManagement.csproj", "{23E62E38-E3E5-428B-A47C-1B5348AAA49E}"
EndProject
Project("{FAE04EC0-301F-11D3-BF4B-00C04F79EFBC}") = "EmployeeManagement", "EmployeeManagement\EmployeeManagement.csproj", "{3C47F979-EECA-434E-AF64-CADEDBF68541}"
EndProject
Project("{FAE04EC0-301F-11D3-BF4B-00C04F79EFBC}") = "CardManagement", "CardManagement\CardManagement.csproj", "{9BDFB403-236A-4A7E-8D14-B4456CA3D189}"
EndProject
Project("{FAE04EC0-301F-11D3-BF4B-00C04F79EFBC}") = "VisitorsManagement", "VisitorsManagement\VisitorsManagement.csproj", "{F063DB82-093C-4D5B-840A-37D08F962F1D}"
EndProject
Project("{FAE04EC0-301F-11D3-BF4B-00C04F79EFBC}") = "AccessManagement", "AccessManagement\AccessManagement.csproj", "{22EBDE44-7916-45AF-9D5D-219119E50CC6}"
EndProject
Global
	GlobalSection(SolutionConfigurationPlatforms) = preSolution
		Debug|Any CPU = Debug|Any CPU
		Release|Any CPU = Release|Any CPU
	EndGlobalSection
	GlobalSection(ProjectConfigurationPlatforms) = postSolution
		{23E62E38-E3E5-428B-A47C-1B5348AAA49E}.Debug|Any CPU.ActiveCfg = Debug|Any CPU
		{23E62E38-E3E5-428B-A47C-1B5348AAA49E}.Debug|Any CPU.Build.0 = Debug|Any CPU
		{23E62E38-E3E5-428B-A47C-1B5348AAA49E}.Release|Any CPU.ActiveCfg = Release|Any CPU
		{23E62E38-E3E5-428B-A47C-1B5348AAA49E}.Release|Any CPU.Build.0 = Release|Any CPU
		{3C47F979-EECA-434E-AF64-CADEDBF68541}.Debug|Any CPU.ActiveCfg = Debug|Any CPU
		{3C47F979-EECA-434E-AF64-CADEDBF68541}.Debug|Any CPU.Build.0 = Debug|Any CPU
		{3C47F979-EECA-434E-AF64-CADEDBF68541}.Release|Any CPU.ActiveCfg = Release|Any CPU
		{3C47F979-EECA-434E-AF64-CADEDBF68541}.Release|Any CPU.Build.0 = Release|Any CPU
		{9BDFB403-236A-4A7E-8D14-B4456CA3D189}.Debug|Any CPU.ActiveCfg = Debug|Any CPU
		{9BDFB403-236A-4A7E-8D14-B4456CA3D189}.Debug|Any CPU.Build.0 = Debug|Any CPU
		{9BDFB403-236A-4A7E-8D14-B4456CA3D189}.Release|Any CPU.ActiveCfg = Release|Any CPU
		{9BDFB403-236A-4A7E-8D14-B4456CA3D189}.Release|Any CPU.Build.0 = Release|Any CPU
		{F063DB82-093C-4D5B-840A-37D08F962F1D}.Debug|Any CPU.ActiveCfg = Debug|Any CPU
		{F063DB82-093C-4D5B-840A-37D08F962F1D}.Debug|Any CPU.Build.0 = Debug|Any CPU
		{F063DB82-093C-4D5B-840A-37D08F962F1D}.Release|Any CPU.ActiveCfg = Release|Any CPU
		{F063DB82-093C-4D5B-840A-37D08F962F1D}.Release|Any CPU.Build.0 = Release|Any CPU
		{22EBDE44-7916-45AF-9D5D-219119E50CC6}.Debug|Any CPU.ActiveCfg = Debug|Any CPU
		{22EBDE44-7916-45AF-9D5D-219119E50CC6}.Debug|Any CPU.Build.0 = Debug|Any CPU
		{22EBDE44-7916-45AF-9D5D-219119E50CC6}.Release|Any CPU.ActiveCfg = Release|Any CPU
		{22EBDE44-7916-45AF-9D5D-219119E50CC6}.Release|Any CPU.Build.0 = Release|Any CPU
	EndGlobalSection
	GlobalSection(SolutionProperties) = preSolution
		HideSolutionNode = FALSE
	EndGlobalSection
	GlobalSection(ExtensibilityGlobals) = postSolution
		SolutionGuid = {7BB2C558-3366-4F45-A188-A0A35E0584EC}
	EndGlobalSection
EndGlobal
